// !$*UTF8*$!
{
	archiveVersion = 1;
	classes = {
	};
	objectVersion = 56;
	objects = {

/* Begin PBXBuildFile section */
		AAAAAAAA010000000000000000000001 /* AppDelegate.swift in Sources */ = {isa = PBXBuildFile; fileRef = BBBB00010100000000000000000001 /* AppDelegate.swift */; };
		F968AC4A2FC5CE8000FE97E4 /* Tabs.swift in Sources */ = {isa = PBXBuildFile; fileRef = F968AC492FC5CE8000FE97E4 /* Tabs.swift */; };
		F9D67FC32FC03D3B0026BF96 /* SceneDelegate.swift in Sources */ = {isa = PBXBuildFile; fileRef = F9D67FC22FC03D3B0026BF96 /* SceneDelegate.swift */; };
/* End PBXBuildFile section */

/* Begin PBXFileReference section */
		BBBB00010100000000000000000001 /* AppDelegate.swift */ = {isa = PBXFileReference; lastKnownFileType = sourcecode.swift; path = AppDelegate.swift; sourceTree = "<group>"; };
		BBBB00020100000000000000000002 /* Info.plist */ = {isa = PBXFileReference; lastKnownFileType = text.plist.xml; path = Info.plist; sourceTree = "<group>"; };
		BBBB00030100000000000000000003 /* LaunchScreen.storyboard */ = {isa = PBXFileReference; lastKnownFileType = file.storyboard; path = LaunchScreen.storyboard; sourceTree = "<group>"; };
		BBBB00040100000000000000000004 /* Assets.xcassets */ = {isa = PBXFileReference; lastKnownFileType = folder.assetcatalog; path = Assets.xcassets; sourceTree = "<group>"; };
		BBBB00050100000000000000000005 /* SeasonApp.app */ = {isa = PBXFileReference; explicitFileType = wrapper.application; includeInIndex = 0; path = SeasonApp.app; sourceTree = BUILT_PRODUCTS_DIR; };
		F968AC492FC5CE8000FE97E4 /* Tabs.swift */ = {isa = PBXFileReference; fileEncoding = 4; lastKnownFileType = sourcecode.swift; name = Tabs.swift; path = SeasonApp/Tabs.swift; sourceTree = "<group>"; };
		F9D67FC22FC03D3B0026BF96 /* SceneDelegate.swift */ = {isa = PBXFileReference; fileEncoding = 4; lastKnownFileType = sourcecode.swift; name = SceneDelegate.swift; path = SeasonApp/SceneDelegate.swift; sourceTree = "<group>"; };
/* End PBXFileReference section */

/* Begin PBXFrameworksBuildPhase section */
		BBBB00060100000000000000000006 /* Frameworks */ = {
			isa = PBXFrameworksBuildPhase;
			buildActionMask = 2147483647;
			files = (
			);
			runOnlyForDeploymentPostprocessing = 0;
		};
/* End PBXFrameworksBuildPhase section */

/* Begin PBXGroup section */
		BBBB00070100000000000000000007 /* SeasonApp */ = {
			isa = PBXGroup;
			children = (
				BBBB00010100000000000000000001 /* AppDelegate.swift */,
				BBBB00020100000000000000000002 /* Info.plist */,
				BBBB00030100000000000000000003 /* LaunchScreen.storyboard */,
				BBBB00040100000000000000000004 /* Assets.xcassets */,
			);
			path = SeasonApp;
			sourceTree = "<group>";
		};
		BBBB00080100000000000000000008 /* Products */ = {
			isa = PBXGroup;
			children = (
				BBBB00050100000000000000000005 /* SeasonApp.app */,
			);
			name = Products;
			sourceTree = "<group>";
		};
		BBBB00090100000000000000000009 = {
			isa = PBXGroup;
			children = (
				F968AC492FC5CE8000FE97E4 /* Tabs.swift */,
				F9D67FC22FC03D3B0026BF96 /* SceneDelegate.swift */,
				BBBB00070100000000000000000007 /* SeasonApp */,
				BBBB00080100000000000000000008 /* Products */,
			);
			sourceTree = "<group>";
		};
/* End PBXGroup section */

/* Begin PBXNativeTarget section */
		BBB0000A01000000000000000000A /* SeasonApp */ = {
			isa = PBXNativeTarget;
			buildConfigurationList = BBBC000C010000000000000000000C /* Build configuration list for PBXNativeTarget "SeasonApp" */;
			buildPhases = (
				BBBB00060100000000000000000006 /* Frameworks */,
				BBBB000A010000000000000000000A /* Sources */,
			);
			buildRules = (
			);
			dependencies = (
			);
			name = SeasonApp;
			packageProductDependencies = (
			);
			productName = SeasonApp;
			productReference = BBBB00050100000000000000000005 /* SeasonApp.app */;
			productType = "com.apple.product-type.application";
		};
/* End PBXNativeTarget section */

/* Begin PBXProject section */
		BBBB000B010000000000000000000B /* Project object */ = {
			isa = PBXProject;
			attributes = {
				BuildIndependentTargetsInParallel = 1;
				LastSwiftUpdateCheck = 1420;
			};
			buildConfigurationList = BBBB000D010000000000000000000D /* Build configuration list for PBXProject "SeasonApp" */;
			compatibilityVersion = "Xcode 14.0";
			developmentRegion = en;
			hasScannedForEncodings = 0;
			knownRegions = (
				en,
				Base,
			);
			mainGroup = BBBB00090100000000000000000009;
			packageReferences = (
				F968AC4B2FC5CEB900FE97E4 /* XCRemoteSwiftPackageReference "hotwire-native-ios" */,
			);
			productRefGroup = BBBB00080100000000000000000008 /* Products */;
			projectDirPath = "";
			projectRoot = "";
			targets = (
				BBB0000A01000000000000000000A /* SeasonApp */,
			);
		};
/* End PBXProject section */

/* Begin PBXSourcesBuildPhase section */
		BBBB000A010000000000000000000A /* Sources */ = {
			isa = PBXSourcesBuildPhase;
			buildActionMask = 2147483647;
			files = (
				AAAAAAAA010000000000000000000001 /* AppDelegate.swift in Sources */,
				F9D67FC32FC03D3B0026BF96 /* SceneDelegate.swift in Sources */,
				F968AC4A2FC5CE8000FE97E4 /* Tabs.swift in Sources */,
			);
			runOnlyForDeploymentPostprocessing = 0;
		};
/* End PBXSourcesBuildPhase section */

/* Begin XCBuildConfiguration section */
		BBBB000E010000000000000000000E /* Debug */ = {
			isa = XCBuildConfiguration;
			buildSettings = {
				ALWAYS_SEARCH_USER_PATHS = NO;
				CLANG_ENABLE_MODULES = YES;
				CODE_SIGN_STYLE = Automatic;
				CURRENT_PROJECT_VERSION = 1;
				IPHONEOS_DEPLOYMENT_TARGET = 15.0;
				MARKETING_VERSION = 1.0;
				SDKROOT = iphoneos;
				SWIFT_EMIT_LOC_STRINGS = YES;
				SWIFT_VERSION = 5.0;
			};
			name = Debug;
		};
		BBBB000F010000000000000000000F /* Release */ = {
			isa = XCBuildConfiguration;
			buildSettings = {
				ALWAYS_SEARCH_USER_PATHS = NO;
				CLANG_ENABLE_MODULES = YES;
				CODE_SIGN_STYLE = Automatic;
				CURRENT_PROJECT_VERSION = 1;
				IPHONEOS_DEPLOYMENT_TARGET = 15.0;
				MARKETING_VERSION = 1.0;
				SDKROOT = iphoneos;
				SWIFT_EMIT_LOC_STRINGS = YES;
				SWIFT_VERSION = 5.0;
			};
			name = Release;
		};
		BBBB00100100000000000000000010 /* Debug */ = {
			isa = XCBuildConfiguration;
			buildSettings = {
				CODE_SIGN_IDENTITY = "Apple Development";
				CODE_SIGN_STYLE = Automatic;
				CURRENT_PROJECT_VERSION = 1;
				DEVELOPMENT_TEAM = 28NDQR5JC4;
				GENERATE_INFOPLIST_FILE = NO;
				INFOPLIST_FILE = SeasonApp/Info.plist;
				INFOPLIST_KEY_CFBundleIconName = AppIcon;
				INFOPLIST_KEY_NSAppTransportSecurity = "{NSAllowsArbitraryLoads = YES;}";
				INFOPLIST_KEY_UIRequiredDeviceCapabilities = armv7;
				INFOPLIST_KEY_UISupportedInterfaceOrientations = UIInterfaceOrientationPortrait;
				IPHONEOS_DEPLOYMENT_TARGET = 15.0;
				MARKETING_VERSION = 1.0;
				PRODUCT_BUNDLE_IDENTIFIER = "com.season-app.ios";
				PRODUCT_NAME = SeasonApp;
			};
			name = Debug;
		};
		BBBB00110100000000000000000011 /* Release */ = {
			isa = XCBuildConfiguration;
			buildSettings = {
				CODE_SIGN_IDENTITY = "Apple Development";
				CODE_SIGN_STYLE = Automatic;
				CURRENT_PROJECT_VERSION = 1;
				DEVELOPMENT_TEAM = 28NDQR5JC4;
				GENERATE_INFOPLIST_FILE = NO;
				INFOPLIST_FILE = SeasonApp/Info.plist;
				INFOPLIST_KEY_CFBundleIconName = AppIcon;
				INFOPLIST_KEY_NSAppTransportSecurity = "{NSAllowsArbitraryLoads = YES;}";
				INFOPLIST_KEY_UIRequiredDeviceCapabilities = armv7;
				INFOPLIST_KEY_UISupportedInterfaceOrientations = UIInterfaceOrientationPortrait;
				IPHONEOS_DEPLOYMENT_TARGET = 15.0;
				MARKETING_VERSION = 1.0;
				PRODUCT_BUNDLE_IDENTIFIER = "com.season-app.ios";
				PRODUCT_NAME = SeasonApp;
			};
			name = Release;
		};
/* End XCBuildConfiguration section */

/* Begin XCConfigurationList section */
		BBBB000D010000000000000000000D /* Build configuration list for PBXProject "SeasonApp" */ = {
			isa = XCConfigurationList;
			buildConfigurations = (
				BBBB000E010000000000000000000E /* Debug */,
				BBBB000F010000000000000000000F /* Release */,
			);
			defaultConfigurationIsVisible = 0;
			defaultConfigurationName = Release;
		};
		BBBC000C010000000000000000000C /* Build configuration list for PBXNativeTarget "SeasonApp" */ = {
			isa = XCConfigurationList;
			buildConfigurations = (
				BBBB00100100000000000000000010 /* Debug */,
				BBBB00110100000000000000000011 /* Release */,
			);
			defaultConfigurationIsVisible = 0;
			defaultConfigurationName = Release;
		};
/* End XCConfigurationList section */

/* Begin XCRemoteSwiftPackageReference section */
		F968AC4B2FC5CEB900FE97E4 /* XCRemoteSwiftPackageReference "hotwire-native-ios" */ = {
			isa = XCRemoteSwiftPackageReference;
			repositoryURL = "https://github.com/hotwired/hotwire-native-ios";
			requirement = {
				branch = main;
				kind = branch;
			};
		};
/* End XCRemoteSwiftPackageReference section */
	};
	rootObject = BBBB000B010000000000000000000B /* Project object */;
}
