// !$*UTF8*$!
{
	archiveVersion = 1;
	classes = {};
	objectVersion = 70;
	objects = {

/* Begin PBXBuildFile section */
		8bd39ed72bc945b18108082f /* HotwireNative in Frameworks */ = {isa = PBXBuildFile; productRef = 9d9c58ce02e74679955cade0 /* HotwireNative */; };
/* End PBXBuildFile section */

/* Begin PBXFileReference section */
		870a5e768b3b4a15bc137bd2 /* SeasonApp.app */ = {isa = PBXFileReference; explicitFileType = wrapper.application; includeInIndex = 0; path = SeasonApp.app; sourceTree = BUILT_PRODUCTS_DIR; };
/* End PBXFileReference section */

/* Begin PBXFileSystemSynchronizedRootGroup section */
		6d9dd577da4d41fdac450b60 /* SeasonApp */ = {isa = PBXFileSystemSynchronizedRootGroup; explicitFileTypes = {}; explicitFolders = (); path = SeasonApp; sourceTree = "<group>"; };
/* End PBXFileSystemSynchronizedRootGroup section */

/* Begin PBXFrameworksBuildPhase section */
		e87f058688144f7db3e73d79 /* Frameworks */ = {
			isa = PBXFrameworksBuildPhase;
			buildActionMask = 2147483647;
			files = (8bd39ed72bc945b18108082f /* HotwireNative in Frameworks */,);
			runOnlyForDeploymentPostprocessing = 0;
		};
/* End PBXFrameworksBuildPhase section */

/* Begin PBXGroup section */
		64ebb3c75cdc4c579b5eaa96 = {
			isa = PBXGroup;
			children = (6d9dd577da4d41fdac450b60 /* SeasonApp */, a7623d51739a40669535afc0 /* Products */,);
			sourceTree = "<group>";
		};
		a7623d51739a40669535afc0 /* Products */ = {
			isa = PBXGroup;
			children = (870a5e768b3b4a15bc137bd2 /* SeasonApp.app */,);
			name = Products;
			sourceTree = "<group>";
		};
/* End PBXGroup section */

/* Begin PBXNativeTarget section */
		e173fad48e5a4939be793381 /* SeasonApp */ = {
			isa = PBXNativeTarget;
			buildConfigurationList = a7bdee9cad654e5fb9ba3ecf /* Build configuration list for PBXNativeTarget "SeasonApp" */;
			buildPhases = (3c8bc7361d304ba2b925bca9 /* Sources */, e87f058688144f7db3e73d79 /* Frameworks */, f189a44273e64ec3bcc895e4 /* Resources */,);
			buildRules = ();
			dependencies = ();
			name = SeasonApp;
			packageProductDependencies = (9d9c58ce02e74679955cade0 /* HotwireNative */,);
			productName = SeasonApp;
			productReference = 870a5e768b3b4a15bc137bd2 /* SeasonApp.app */;
			productType = "com.apple.product-type.application";
		};
/* End PBXNativeTarget section */

/* Begin PBXProject section */
		17d4d2c047c34904b02fe19f /* Project object */ = {
			isa = PBXProject;
			attributes = {BuildIndependentTargetsInParallel = 1; LastSwiftUpdateCheck = 1600; LastUpgradeCheck = 1600;};
			buildConfigurationList = 3ed07d55800645939d800cb2 /* Build configuration list for PBXProject "SeasonApp" */;
			compatibilityVersion = "Xcode 14.0";
			developmentRegion = "en-US";
			hasScannedForEncodings = 0;
			knownRegions = (en, Base,);
			mainGroup = 64ebb3c75cdc4c579b5eaa96;
			packageReferences = (860b623fec084031a13117ad /* XCRemoteSwiftPackageReference "hotwire-native-ios" */,);
			productRefGroup = a7623d51739a40669535afc0 /* Products */;
			projectDirPath = "";
			projectRoot = "";
			targets = (e173fad48e5a4939be793381 /* SeasonApp */,);
		};
/* End PBXProject section */

/* Begin PBXResourcesBuildPhase section */
		f189a44273e64ec3bcc895e4 /* Resources */ = {isa = PBXResourcesBuildPhase; buildActionMask = 2147483647; files = (); runOnlyForDeploymentPostprocessing = 0; };
/* End PBXResourcesBuildPhase section */

/* Begin PBXSourcesBuildPhase section */
		3c8bc7361d304ba2b925bca9 /* Sources */ = {isa = PBXSourcesBuildPhase; buildActionMask = 2147483647; files = (); runOnlyForDeploymentPostprocessing = 0; };
/* End PBXSourcesBuildPhase section */

/* Begin XCBuildConfiguration section */
		4288fff76d614bef8e142e90 /* Debug */ = {
			isa = XCBuildConfiguration;
			buildSettings = {
				ALWAYS_SEARCH_USER_PATHS = NO;
				ASSETCATALOG_COMPILER_GENERATE_SWIFT_ASSET_SYMBOL_EXTENSIONS = YES;
				CLANG_ANALYZER_NONNULL = YES;
				CLANG_CXX_LANGUAGE_STANDARD = "gnu++20";
				CLANG_ENABLE_MODULES = YES;
				CLANG_ENABLE_OBJC_ARC = YES;
				COPY_PHASE_STRIP = NO;
				DEBUG_INFORMATION_FORMAT = dwarf;
				ENABLE_STRICT_OBJC_MSGSEND = YES;
				ENABLE_TESTABILITY = YES;
				GCC_DYNAMIC_NO_PIC = NO;
				GCC_OPTIMIZATION_LEVEL = 0;
				GCC_PREPROCESSOR_DEFINITIONS = ("DEBUG=1", "$(inherited)",);
				MTL_ENABLE_DEBUG_INFO = INCLUDE_SOURCE;
				ONLY_ACTIVE_ARCH = YES;
				SWIFT_ACTIVE_COMPILATION_CONDITIONS = DEBUG;
				SWIFT_OPTIMIZATION_LEVEL = "-Onone";
			};
			name = Debug;
		};
		b7309028a9d34651bf44670f /* Release */ = {
			isa = XCBuildConfiguration;
			buildSettings = {
				ALWAYS_SEARCH_USER_PATHS = NO;
				ASSETCATALOG_COMPILER_GENERATE_SWIFT_ASSET_SYMBOL_EXTENSIONS = YES;
				CLANG_ANALYZER_NONNULL = YES;
				CLANG_CXX_LANGUAGE_STANDARD = "gnu++20";
				CLANG_ENABLE_MODULES = YES;
				CLANG_ENABLE_OBJC_ARC = YES;
				COPY_PHASE_STRIP = NO;
				DEBUG_INFORMATION_FORMAT = "dwarf-with-dsym";
				ENABLE_NS_ASSERTIONS = NO;
				ENABLE_STRICT_OBJC_MSGSEND = YES;
				GCC_OPTIMIZATION_LEVEL = s;
				MTL_ENABLE_DEBUG_INFO = NO;
				SWIFT_COMPILATION_MODE = wholemodule;
				SWIFT_OPTIMIZATION_LEVEL = "-O";
				VALIDATE_PRODUCT = YES;
			};
			name = Release;
		};
		e49ce3d6afd34462908774db /* Debug */ = {
			isa = XCBuildConfiguration;
			buildSettings = {
				ASSETCATALOG_COMPILER_APPICON_NAME = AppIcon;
				CODE_SIGN_ENTITLEMENTS = SeasonApp/SeasonApp.entitlements;
				CODE_SIGN_STYLE = Automatic;
				CURRENT_PROJECT_VERSION = 59;
				DEVELOPMENT_TEAM = CH4G9T6ZHP;
				GENERATE_INFOPLIST_FILE = NO;
				INFOPLIST_FILE = Info.plist;
				IPHONEOS_DEPLOYMENT_TARGET = 17.2;
				MARKETING_VERSION = 1.0;
				PRODUCT_BUNDLE_IDENTIFIER = com.season-app.ios;
				PRODUCT_NAME = SeasonApp;
				SUPPORTED_PLATFORMS = "iphoneos iphonesimulator";
				SWIFT_VERSION = 5.0;
				TARGETED_DEVICE_FAMILY = "1,2";
			};
			name = Debug;
		};
		ce5c2953f4dd4222b2df1ddb /* Release */ = {
			isa = XCBuildConfiguration;
			buildSettings = {
				ASSETCATALOG_COMPILER_APPICON_NAME = AppIcon;
				CODE_SIGN_ENTITLEMENTS = SeasonApp/SeasonApp.entitlements;
				CODE_SIGN_STYLE = Automatic;
				CURRENT_PROJECT_VERSION = 59;
				DEVELOPMENT_TEAM = CH4G9T6ZHP;
				GENERATE_INFOPLIST_FILE = NO;
				INFOPLIST_FILE = Info.plist;
				IPHONEOS_DEPLOYMENT_TARGET = 17.2;
				MARKETING_VERSION = 1.0;
				PRODUCT_BUNDLE_IDENTIFIER = com.season-app.ios;
				PRODUCT_NAME = SeasonApp;
				SUPPORTED_PLATFORMS = "iphoneos iphonesimulator";
				SWIFT_VERSION = 5.0;
				TARGETED_DEVICE_FAMILY = "1,2";
			};
			name = Release;
		};
/* End XCBuildConfiguration section */

/* Begin XCConfigurationList section */
		3ed07d55800645939d800cb2 /* Build configuration list for PBXProject "SeasonApp" */ = {
			isa = XCConfigurationList;
			buildConfigurations = (4288fff76d614bef8e142e90 /* Debug */, b7309028a9d34651bf44670f /* Release */,);
			defaultConfigurationIsVisible = 0;
			defaultConfigurationName = Release;
		};
		a7bdee9cad654e5fb9ba3ecf /* Build configuration list for PBXNativeTarget "SeasonApp" */ = {
			isa = XCConfigurationList;
			buildConfigurations = (e49ce3d6afd34462908774db /* Debug */, ce5c2953f4dd4222b2df1ddb /* Release */,);
			defaultConfigurationIsVisible = 0;
			defaultConfigurationName = Release;
		};
/* End XCConfigurationList section */

/* Begin XCRemoteSwiftPackageReference section */
		860b623fec084031a13117ad /* XCRemoteSwiftPackageReference "hotwire-native-ios" */ = {
			isa = XCRemoteSwiftPackageReference;
			repositoryURL = "https://github.com/hotwired/hotwire-native-ios";
			requirement = {kind = upToNextMajorVersion; minimumVersion = 1.2.0;};
		};
/* End XCRemoteSwiftPackageReference section */

/* Begin XCSwiftPackageProductDependency section */
		9d9c58ce02e74679955cade0 /* HotwireNative */ = {
			isa = XCSwiftPackageProductDependency;
			package = 860b623fec084031a13117ad /* XCRemoteSwiftPackageReference "hotwire-native-ios" */;
			productName = HotwireNative;
		};
/* End XCSwiftPackageProductDependency section */

	};
	rootObject = 17d4d2c047c34904b02fe19f /* Project object */;
}
