// !$*UTF8*$!
{
	archiveVersion = 1;
	classes = {
	};
	objectVersion = 56;
	objects = {

/* Begin PBXApplicationSessionGuidetransaction */
		12345678-1234-1234-1234-123456789012 /* Session Guidetransaction */ = {
			isa = PBXSessionGuidetransaction;
		};
/* End PBXApplicationSessionGuidetransaction */

/* Begin PBXBuildFile section */
		AAAAAAAA01000000000000000000001 /* AppDelegate.swift in Sources */ = {isa = PBXBuildFile; fileRef = BBBB00010100000000000000000001 /* AppDelegate.swift */; };
/* End PBXBuildFile section */

/* Begin PBXFileReference section */
		BBBB00010100000000000000000001 /* AppDelegate.swift */ = {isa = PBXFileReference; lastKnownFileType = sourcecode.swift; path = AppDelegate.swift; sourceTree = "<group>"; };
		BBBB00020100000000000000000002 /* Info.plist */ = {isa = PBXFileReference; lastKnownFileType = text.plist.xml; path = Info.plist; sourceTree = "<group>"; };
		BBBB00030100000000000000000003 /* SeasonApp.app */ = {isa = PBXFileReference; explicitFileType = wrapper.application; includeInIndex = 0; path = SeasonApp.app; sourceTree = BUILT_PRODUCTS_DIR; };
/* End PBXFileReference section */

/* Begin PBXFrameworksBuildPhase section */
		BBBB00040100000000000000000004 /* Frameworks */ = {
			isa = PBXFrameworksBuildPhase;
			buildActionMask = 2147483647;
			files = (
			);
			runOnlyForDeploymentPostprocessing = 0;
		};
/* End PBXFrameworksBuildPhase section */

/* Begin PBXGroup section */
		BBBB00050100000000000000000005 = {
			isa = PBXGroup;
			children = (
				BBBB00060100000000000000000006 /* SeasonApp */,
				BBBB00070100000000000000000007 /* Products */,
			);
			sourceTree = "<group>";
		};
		BBBB00060100000000000000000006 /* SeasonApp */ = {
			isa = PBXGroup;
			children = (
				BBBB00010100000000000000000001 /* AppDelegate.swift */,
				BBBB00020100000000000000000002 /* Info.plist */,
			);
			path = SeasonApp;
			sourceTree = "<group>";
		};
		BBBB00070100000000000000000007 /* Products */ = {
			isa = PBXGroup;
			children = (
				BBBB00030100000000000000000003 /* SeasonApp.app */,
			);
			name = Products;
			sourceTree = "<group>";
		};
/* End PBXGroup section */

/* Begin PBXNativeTarget section */
		BBBB00080100000000000000000008 /* SeasonApp */ = {
			isa = PBXNativeTarget;
			buildConfigurationList = BBBB000B010000000000000000000B /* Build configuration list for PBXNativeTarget "SeasonApp" */;
			buildPhases = (
				BBBB00090100000000000000000009 /* Sources */,
				BBBB00040100000000000000000004 /* Frameworks */,
			);
			buildRules = (
			);
			dependencies = (
			);
			name = SeasonApp;
			productName = SeasonApp;
			productReference = BBBB00030100000000000000000003 /* SeasonApp.app */;
			productType = "com.apple.product-type.application";
		};
/* End PBXNativeTarget section */

/* Begin PBXProject section */
		BBBB000C0100000000000000000000C /* Project object */ = {
			isa = PBXProject;
			attributes = {
				BuildIndependentTargetsInParallel = 1;
				LastSwiftUpdateCheck = 1420;
			};
			buildConfigurationList = BBBB000D0100000000000000000000D /* Build configuration list for PBXProject "SeasonApp" */;
			compatibilityVersion = "Xcode 14.0";
			developmentRegion = en;
			hasScannedForEncodings = 0;
			knownRegions = (
				en,
				Base,
			);
			mainGroup = BBBB00050100000000000000000005;
			productRefGroup = BBBB00070100000000000000000007 /* Products */;
			projectDirPath = "";
			projectRoot = "";
			targets = (
				BBBB00080100000000000000000008 /* SeasonApp */,
			);
		};
/* End PBXProject section */

/* Begin PBXSourcesBuildPhase section */
		BBBB00090100000000000000000009 /* Sources */ = {
			isa = PBXSourcesBuildPhase;
			buildActionMask = 2147483647;
			files = (
				AAAAAAAA01000000000000000000001 /* AppDelegate.swift in Sources */,
			);
			runOnlyForDeploymentPostprocessing = 0;
		};
/* End PBXSourcesBuildPhase section */

/* Begin XCBuildConfiguration section */
		BBBB000E0100000000000000000000E /* Debug */ = {
			isa = XCBuildConfiguration;
			buildSettings = {
				ALWAYS_SEARCH_USER_PATHS = NO;
				CLANG_ANALYZER_LOCALIZABILITY_NONLOCALIZED = YES;
				CLANG_CXX_LANGUAGE_STANDARD = "gnu++20";
				CLANG_ENABLE_MODULES = YES;
				CLANG_ENABLE_OBJC_ARC = YES;
				CLANG_WARN_QUOTED_INCLUDE_IN_FRAMEWORK_HEADER = YES;
				CLANG_WARN_UNGUARDED_AVAILABILITY = YES_AGGRESSIVE;
				CODE_SIGN_STYLE = Automatic;
				ENABLE_STRICT_OBJC_MSGSEND = YES;
				IPHONEOS_DEPLOYMENT_TARGET = 15.0;
				LOCALIZATION_PREFERS_STRING_CATALOGS = YES;
				MTL_ENABLE_DEBUG_INFO = INCLUDE_SOURCE;
				SDKROOT = iphoneos;
				SWIFT_EMIT_LOC_STRINGS = YES;
				SWIFT_VERSION = 5.0;
			};
			name = Debug;
		};
		BBBB000F0100000000000000000000F /* Release */ = {
			isa = XCBuildConfiguration;
			buildSettings = {
				ALWAYS_SEARCH_USER_PATHS = NO;
				CLANG_ANALYZER_LOCALIZABILITY_NONLOCALIZED = YES;
				CLANG_CXX_LANGUAGE_STANDARD = "gnu++20";
				CLANG_ENABLE_MODULES = YES;
				CLANG_ENABLE_OBJC_ARC = YES;
				CLANG_WARN_QUOTED_INCLUDE_IN_FRAMEWORK_HEADER = YES;
				CLANG_WARN_UNGUARDED_AVAILABILITY = YES_AGGRESSIVE;
				CODE_SIGN_STYLE = Automatic;
				ENABLE_STRICT_OBJC_MSGSEND = YES;
				IPHONEOS_DEPLOYMENT_TARGET = 15.0;
				LOCALIZATION_PREFERS_STRING_CATALOGS = YES;
				MTL_ENABLE_DEBUG_INFO = NO;
				SDKROOT = iphoneos;
				SWIFT_EMIT_LOC_STRINGS = YES;
				SWIFT_VERSION = 5.0;
			};
			name = Release;
		};
		BBBB00100100000000000000000010 /* Debug */ = {
			isa = XCBuildConfiguration;
			buildSettings = {
				CODE_SIGN_IDENTITY = "-";
				CODE_SIGN_STYLE = Manual;
				DEVELOPMENT_TEAM = "";
				INFOPLIST_FILE = SeasonApp/Info.plist;
				IPHONEOS_DEPLOYMENT_TARGET = 15.0;
				PRODUCT_BUNDLE_IDENTIFIER = com.season-app.ios;
				PRODUCT_NAME = SeasonApp;
				PROVISIONING_PROFILE_SPECIFIER = "";
				SWIFT_EMIT_LOC_STRINGS = YES;
			};
			name = Debug;
		};
		BBBB00110100000000000000000011 /* Release */ = {
			isa = XCBuildConfiguration;
			buildSettings = {
				CODE_SIGN_IDENTITY = "-";
				CODE_SIGN_STYLE = Manual;
				DEVELOPMENT_TEAM = "";
				INFOPLIST_FILE = SeasonApp/Info.plist;
				IPHONEOS_DEPLOYMENT_TARGET = 15.0;
				PRODUCT_BUNDLE_IDENTIFIER = com.season-app.ios;
				PRODUCT_NAME = SeasonApp;
				PROVISIONING_PROFILE_SPECIFIER = "";
				SWIFT_EMIT_LOC_STRINGS = YES;
			};
			name = Release;
		};
/* End XCBuildConfiguration section */

/* Begin XCConfigurationList section */
		BBBB000D0100000000000000000000D /* Build configuration list for PBXProject "SeasonApp" */ = {
			isa = XCConfigurationList;
			buildConfigurations = (
				BBBB000E0100000000000000000000E /* Debug */,
				BBBB000F0100000000000000000000F /* Release */,
			);
			defaultConfigurationIsVisible = 0;
			defaultConfigurationName = Release;
		};
		BBBB000B0100000000000000000000B /* Build configuration list for PBXNativeTarget "SeasonApp" */ = {
			isa = XCConfigurationList;
			buildConfigurations = (
				BBBB00100100000000000000000010 /* Debug */,
				BBBB00110100000000000000000011 /* Release */,
			);
			defaultConfigurationIsVisible = 0;
			defaultConfigurationName = Release;
		};
/* End XCConfigurationList section */
	};
	rootObject = BBBB000C0100000000000000000000C /* Project object */;
}